// !$*UTF8*$!
{
	archiveVersion = 1;
	classes = {
	};
	objectVersion = 51;
	objects = {

/* Begin PBXBuildFile section */
		AF06979322BE3081001E1749 /* NSSetPythonAdditions.h in Headers */ = {isa = PBXBuildFile; fileRef = AF06979122BE3081001E1749 /* NSSetPythonAdditions.h */; };
		AF06979422BE3081001E1749 /* NSSetPythonAdditions.m in Sources */ = {isa = PBXBuildFile; fileRef = AF06979222BE3081001E1749 /* NSSetPythonAdditions.m */; };
		AF08A74022BD11B800770FC3 /* InfoPlist.strings in Resources */ = {isa = PBXBuildFile; fileRef = AF08A73E22BD11B800770FC3 /* InfoPlist.strings */; };
		AF08A74322BD11B800770FC3 /* Localizable.strings in Resources */ = {isa = PBXBuildFile; fileRef = AF08A74122BD11B800770FC3 /* Localizable.strings */; };
		AF125EBB1E0414A600F659AA /* XDGPL.h in Headers */ = {isa = PBXBuildFile; fileRef = AF125EBA1E0414A000F659AA /* XDGPL.h */; settings = {ATTRIBUTES = (Public, ); }; };
		AF157DFE1FBF06B300679D82 /* NSStringPythonAdditions.h in Headers */ = {isa = PBXBuildFile; fileRef = AF157DFC1FBF06B300679D82 /* NSStringPythonAdditions.h */; };
		AF157DFF1FBF06B300679D82 /* NSStringPythonAdditions.m in Sources */ = {isa = PBXBuildFile; fileRef = AF157DFD1FBF06B300679D82 /* NSStringPythonAdditions.m */; };
		AF157E021FBF4D4000679D82 /* XDTException.h in Headers */ = {isa = PBXBuildFile; fileRef = AF157E001FBF4D4000679D82 /* XDTException.h */; settings = {ATTRIBUTES = (Public, ); }; };
		AF157E031FBF4D4000679D82 /* XDTException.m in Sources */ = {isa = PBXBuildFile; fileRef = AF157E011FBF4D4000679D82 /* XDTException.m */; };
		AF16C94A23475DE900774F61 /* XDTMessage.m in Sources */ = {isa = PBXBuildFile; fileRef = AFBDC41D22BA8B8C00DDD4C2 /* XDTMessage.m */; };
		AF16C94B23475DE900774F61 /* XDTException.m in Sources */ = {isa = PBXBuildFile; fileRef = AF157E011FBF4D4000679D82 /* XDTException.m */; };
		AF16C94C23475DE900774F61 /* XDTObject.m in Sources */ = {isa = PBXBuildFile; fileRef = AF2D96B11DFABF39006EE618 /* XDTObject.m */; };
		AF16C94D23475DE900774F61 /* XDTGPLAssembler.m in Sources */ = {isa = PBXBuildFile; fileRef = AF9C22061E06D88A00BB02FC /* XDTGPLAssembler.m */; };
		AF16C94E23475DE900774F61 /* NSSetPythonAdditions.m in Sources */ = {isa = PBXBuildFile; fileRef = AF06979222BE3081001E1749 /* NSSetPythonAdditions.m */; };
		AF16C94F23475DE900774F61 /* XDTGa99Objcode.m in Sources */ = {isa = PBXBuildFile; fileRef = AF9C220A1E06FD4E00BB02FC /* XDTGa99Objcode.m */; };
		AF16C95023475DE900774F61 /* XDTAs99Symbols.m in Sources */ = {isa = PBXBuildFile; fileRef = AF2D96AC1DFABF39006EE618 /* XDTAs99Symbols.m */; };
		AF16C95123475DE900774F61 /* NSArrayPythonAdditions.m in Sources */ = {isa = PBXBuildFile; fileRef = AFE630601DF9BB9E005FFD01 /* NSArrayPythonAdditions.m */; };
		AF16C95223475DE900774F61 /* NSStringPythonAdditions.m in Sources */ = {isa = PBXBuildFile; fileRef = AF157DFD1FBF06B300679D82 /* NSStringPythonAdditions.m */; };
		AF16C95323475DE900774F61 /* XDTAs99Objcode.m in Sources */ = {isa = PBXBuildFile; fileRef = AF2D96AD1DFABF39006EE618 /* XDTAs99Objcode.m */; };
		AF16C95423475DE900774F61 /* XDTBasic.m in Sources */ = {isa = PBXBuildFile; fileRef = AF5CF8A31DFF246400C08E36 /* XDTBasic.m */; };
		AF16C95523475DE900774F61 /* XDTAssembler.m in Sources */ = {isa = PBXBuildFile; fileRef = AF2D96AE1DFABF39006EE618 /* XDTAssembler.m */; };
		AF16C95623475DE900774F61 /* NSErrorPythonAdditions.m in Sources */ = {isa = PBXBuildFile; fileRef = AFE630621DF9BB9E005FFD01 /* NSErrorPythonAdditions.m */; };
		AF16C95723475DE900774F61 /* NSDataPythonAdditions.m in Sources */ = {isa = PBXBuildFile; fileRef = AF2D96C81DFAFF29006EE618 /* NSDataPythonAdditions.m */; };
		AF16C95823475DE900774F61 /* XDTZipFile.m in Sources */ = {isa = PBXBuildFile; fileRef = AFE630671DF9BB9E005FFD01 /* XDTZipFile.m */; };
		AF16C95A23475DE900774F61 /* Python.framework in Frameworks */ = {isa = PBXBuildFile; fileRef = AFE630861DF9BD66005FFD01 /* Python.framework */; };
		AF16C95C23475DE900774F61 /* XDTools99.h in Headers */ = {isa = PBXBuildFile; fileRef = AFE630561DF9BB67005FFD01 /* XDTools99.h */; settings = {ATTRIBUTES = (Public, ); }; };
		AF16C95D23475DE900774F61 /* XDGPL.h in Headers */ = {isa = PBXBuildFile; fileRef = AF125EBA1E0414A000F659AA /* XDGPL.h */; settings = {ATTRIBUTES = (Public, ); }; };
		AF16C95E23475DE900774F61 /* XDTGa99Objcode.h in Headers */ = {isa = PBXBuildFile; fileRef = AF9C22091E06FD4E00BB02FC /* XDTGa99Objcode.h */; settings = {ATTRIBUTES = (Public, ); }; };
		AF16C95F23475DE900774F61 /* XDTGPLAssembler.h in Headers */ = {isa = PBXBuildFile; fileRef = AF9C22051E06D88A00BB02FC /* XDTGPLAssembler.h */; settings = {ATTRIBUTES = (Public, ); }; };
		AF16C96023475DE900774F61 /* XDAssembler.h in Headers */ = {isa = PBXBuildFile; fileRef = AF2D96A91DFABAA0006EE618 /* XDAssembler.h */; settings = {ATTRIBUTES = (Public, ); }; };
		AF16C96123475DE900774F61 /* XDTAs99Symbols.h in Headers */ = {isa = PBXBuildFile; fileRef = AF2D96AB1DFABF39006EE618 /* XDTAs99Symbols.h */; settings = {ATTRIBUTES = (Public, ); }; };
		AF16C96223475DE900774F61 /* XDTAs99Objcode.h in Headers */ = {isa = PBXBuildFile; fileRef = AF2D96AF1DFABF39006EE618 /* XDTAs99Objcode.h */; settings = {ATTRIBUTES = (Public, ); }; };
		AF16C96323475DE900774F61 /* XDTAssembler.h in Headers */ = {isa = PBXBuildFile; fileRef = AF2D96B01DFABF39006EE618 /* XDTAssembler.h */; settings = {ATTRIBUTES = (Public, ); }; };
		AF16C96423475DE900774F61 /* XDBasic.h in Headers */ = {isa = PBXBuildFile; fileRef = AF5CF8A61DFF266B00C08E36 /* XDBasic.h */; settings = {ATTRIBUTES = (Public, ); }; };
		AF16C96523475DE900774F61 /* XDTBasic.h in Headers */ = {isa = PBXBuildFile; fileRef = AF5CF8A21DFF246400C08E36 /* XDTBasic.h */; settings = {ATTRIBUTES = (Public, ); }; };
		AF16C96623475DE900774F61 /* XDTObject.h in Headers */ = {isa = PBXBuildFile; fileRef = AF2D96B21DFABF39006EE618 /* XDTObject.h */; settings = {ATTRIBUTES = (Public, ); }; };
		AF16C96723475DE900774F61 /* XDTZipFile.h in Headers */ = {isa = PBXBuildFile; fileRef = AFE6306B1DF9BB9E005FFD01 /* XDTZipFile.h */; settings = {ATTRIBUTES = (Public, ); }; };
		AF16C96823475DE900774F61 /* XDTException.h in Headers */ = {isa = PBXBuildFile; fileRef = AF157E001FBF4D4000679D82 /* XDTException.h */; settings = {ATTRIBUTES = (Public, ); }; };
		AF16C96923475DE900774F61 /* XDTMessage.h in Headers */ = {isa = PBXBuildFile; fileRef = AFBDC41C22BA8B8C00DDD4C2 /* XDTMessage.h */; settings = {ATTRIBUTES = (Public, ); }; };
		AF16C96A23475DE900774F61 /* NSDataPythonAdditions.h in Headers */ = {isa = PBXBuildFile; fileRef = AF2D96C71DFAFF29006EE618 /* NSDataPythonAdditions.h */; };
		AF16C96B23475DE900774F61 /* NSArrayPythonAdditions.h in Headers */ = {isa = PBXBuildFile; fileRef = AFE6305F1DF9BB9E005FFD01 /* NSArrayPythonAdditions.h */; };
		AF16C96C23475DE900774F61 /* NSSetPythonAdditions.h in Headers */ = {isa = PBXBuildFile; fileRef = AF06979122BE3081001E1749 /* NSSetPythonAdditions.h */; };
		AF16C96D23475DE900774F61 /* NSErrorPythonAdditions.h in Headers */ = {isa = PBXBuildFile; fileRef = AFE630611DF9BB9E005FFD01 /* NSErrorPythonAdditions.h */; };
		AF16C96E23475DE900774F61 /* NSStringPythonAdditions.h in Headers */ = {isa = PBXBuildFile; fileRef = AF157DFC1FBF06B300679D82 /* NSStringPythonAdditions.h */; };
		AF16C97023475DE900774F61 /* InfoPlist.strings in Resources */ = {isa = PBXBuildFile; fileRef = AF08A73E22BD11B800770FC3 /* InfoPlist.strings */; };
		AF16C97123475DE900774F61 /* Localizable.strings in Resources */ = {isa = PBXBuildFile; fileRef = AF08A74122BD11B800770FC3 /* Localizable.strings */; };
		AF16C97323475DE900774F61 /* xas99.py in Copy xdt99 Python Files */ = {isa = PBXBuildFile; fileRef = AFADBC3F1DF9DD8B000AD2F2 /* xas99.py */; };
		AF16C97423475DE900774F61 /* xbas99.py in Copy xdt99 Python Files */ = {isa = PBXBuildFile; fileRef = AFADBC411DF9DD8B000AD2F2 /* xbas99.py */; };
		AF16C97523475DE900774F61 /* xga99.py in Copy xdt99 Python Files */ = {isa = PBXBuildFile; fileRef = AFADBC421DF9DD8B000AD2F2 /* xga99.py */; };
		AF2D96AA1DFABAAD006EE618 /* XDAssembler.h in Headers */ = {isa = PBXBuildFile; fileRef = AF2D96A91DFABAA0006EE618 /* XDAssembler.h */; settings = {ATTRIBUTES = (Public, ); }; };
		AF2D96B31DFABF39006EE618 /* XDTAs99Symbols.h in Headers */ = {isa = PBXBuildFile; fileRef = AF2D96AB1DFABF39006EE618 /* XDTAs99Symbols.h */; settings = {ATTRIBUTES = (Public, ); }; };
		AF2D96B41DFABF39006EE618 /* XDTAs99Symbols.m in Sources */ = {isa = PBXBuildFile; fileRef = AF2D96AC1DFABF39006EE618 /* XDTAs99Symbols.m */; };
		AF2D96B51DFABF39006EE618 /* XDTAs99Objcode.m in Sources */ = {isa = PBXBuildFile; fileRef = AF2D96AD1DFABF39006EE618 /* XDTAs99Objcode.m */; };
		AF2D96B61DFABF39006EE618 /* XDTAssembler.m in Sources */ = {isa = PBXBuildFile; fileRef = AF2D96AE1DFABF39006EE618 /* XDTAssembler.m */; };
		AF2D96B71DFABF39006EE618 /* XDTAs99Objcode.h in Headers */ = {isa = PBXBuildFile; fileRef = AF2D96AF1DFABF39006EE618 /* XDTAs99Objcode.h */; settings = {ATTRIBUTES = (Public, ); }; };
		AF2D96B81DFABF39006EE618 /* XDTAssembler.h in Headers */ = {isa = PBXBuildFile; fileRef = AF2D96B01DFABF39006EE618 /* XDTAssembler.h */; settings = {ATTRIBUTES = (Public, ); }; };
		AF2D96B91DFABF39006EE618 /* XDTObject.m in Sources */ = {isa = PBXBuildFile; fileRef = AF2D96B11DFABF39006EE618 /* XDTObject.m */; };
		AF2D96BA1DFABF39006EE618 /* XDTObject.h in Headers */ = {isa = PBXBuildFile; fileRef = AF2D96B21DFABF39006EE618 /* XDTObject.h */; settings = {ATTRIBUTES = (Public, ); }; };
		AF2D96C91DFAFF29006EE618 /* NSDataPythonAdditions.h in Headers */ = {isa = PBXBuildFile; fileRef = AF2D96C71DFAFF29006EE618 /* NSDataPythonAdditions.h */; };
		AF2D96CA1DFAFF29006EE618 /* NSDataPythonAdditions.m in Sources */ = {isa = PBXBuildFile; fileRef = AF2D96C81DFAFF29006EE618 /* NSDataPythonAdditions.m */; };
		AF5CF8A41DFF246400C08E36 /* XDTBasic.h in Headers */ = {isa = PBXBuildFile; fileRef = AF5CF8A21DFF246400C08E36 /* XDTBasic.h */; settings = {ATTRIBUTES = (Public, ); }; };
		AF5CF8A51DFF246400C08E36 /* XDTBasic.m in Sources */ = {isa = PBXBuildFile; fileRef = AF5CF8A31DFF246400C08E36 /* XDTBasic.m */; };
		AF5CF8A71DFF268800C08E36 /* XDBasic.h in Headers */ = {isa = PBXBuildFile; fileRef = AF5CF8A61DFF266B00C08E36 /* XDBasic.h */; settings = {ATTRIBUTES = (Public, ); }; };
		AF63832D22CB56D000150E5D /* XDTGa99Parser.m in Sources */ = {isa = PBXBuildFile; fileRef = AF63832B22CB56D000150E5D /* XDTGa99Parser.m */; };
		AF63832E22CB56D000150E5D /* XDTGa99Parser.h in Headers */ = {isa = PBXBuildFile; fileRef = AF63832C22CB56D000150E5D /* XDTGa99Parser.h */; settings = {ATTRIBUTES = (Public, ); }; };
		AF9C22071E06D88A00BB02FC /* XDTGPLAssembler.h in Headers */ = {isa = PBXBuildFile; fileRef = AF9C22051E06D88A00BB02FC /* XDTGPLAssembler.h */; settings = {ATTRIBUTES = (Public, ); }; };
		AF9C22081E06D88A00BB02FC /* XDTGPLAssembler.m in Sources */ = {isa = PBXBuildFile; fileRef = AF9C22061E06D88A00BB02FC /* XDTGPLAssembler.m */; };
		AF9C220B1E06FD4E00BB02FC /* XDTGa99Objcode.h in Headers */ = {isa = PBXBuildFile; fileRef = AF9C22091E06FD4E00BB02FC /* XDTGa99Objcode.h */; settings = {ATTRIBUTES = (Public, ); }; };
		AF9C220C1E06FD4E00BB02FC /* XDTGa99Objcode.m in Sources */ = {isa = PBXBuildFile; fileRef = AF9C220A1E06FD4E00BB02FC /* XDTGa99Objcode.m */; };
		AFBDC41E22BA8B8C00DDD4C2 /* XDTMessage.h in Headers */ = {isa = PBXBuildFile; fileRef = AFBDC41C22BA8B8C00DDD4C2 /* XDTMessage.h */; settings = {ATTRIBUTES = (Public, ); }; };
		AFBDC41F22BA8B8C00DDD4C2 /* XDTMessage.m in Sources */ = {isa = PBXBuildFile; fileRef = AFBDC41D22BA8B8C00DDD4C2 /* XDTMessage.m */; };
		AFC6A7D422CA3BD900CDF34A /* XDTAs99Parser.h in Headers */ = {isa = PBXBuildFile; fileRef = AFC6A7D222CA3BD900CDF34A /* XDTAs99Parser.h */; settings = {ATTRIBUTES = (Public, ); }; };
		AFC6A7D522CA3BD900CDF34A /* XDTAs99Parser.m in Sources */ = {isa = PBXBuildFile; fileRef = AFC6A7D322CA3BD900CDF34A /* XDTAs99Parser.m */; };
		AFE630581DF9BB67005FFD01 /* XDTools99.h in Headers */ = {isa = PBXBuildFile; fileRef = AFE630561DF9BB67005FFD01 /* XDTools99.h */; settings = {ATTRIBUTES = (Public, ); }; };
		AFE6306D1DF9BB9E005FFD01 /* NSArrayPythonAdditions.h in Headers */ = {isa = PBXBuildFile; fileRef = AFE6305F1DF9BB9E005FFD01 /* NSArrayPythonAdditions.h */; };
		AFE6306E1DF9BB9E005FFD01 /* NSArrayPythonAdditions.m in Sources */ = {isa = PBXBuildFile; fileRef = AFE630601DF9BB9E005FFD01 /* NSArrayPythonAdditions.m */; };
		AFE6306F1DF9BB9E005FFD01 /* NSErrorPythonAdditions.h in Headers */ = {isa = PBXBuildFile; fileRef = AFE630611DF9BB9E005FFD01 /* NSErrorPythonAdditions.h */; };
		AFE630701DF9BB9E005FFD01 /* NSErrorPythonAdditions.m in Sources */ = {isa = PBXBuildFile; fileRef = AFE630621DF9BB9E005FFD01 /* NSErrorPythonAdditions.m */; };
		AFE630751DF9BB9E005FFD01 /* XDTZipFile.m in Sources */ = {isa = PBXBuildFile; fileRef = AFE630671DF9BB9E005FFD01 /* XDTZipFile.m */; };
		AFE630791DF9BB9E005FFD01 /* XDTZipFile.h in Headers */ = {isa = PBXBuildFile; fileRef = AFE6306B1DF9BB9E005FFD01 /* XDTZipFile.h */; settings = {ATTRIBUTES = (Public, ); }; };
		AFE6308A1DF9C084005FFD01 /* Python.framework in Frameworks */ = {isa = PBXBuildFile; fileRef = AFE630861DF9BD66005FFD01 /* Python.framework */; };
/* End PBXBuildFile section */

/* Begin PBXCopyFilesBuildPhase section */
		AF16C97223475DE900774F61 /* Copy xdt99 Python Files */ = {
			isa = PBXCopyFilesBuildPhase;
			buildActionMask = 2147483647;
			dstPath = "";
			dstSubfolderSpec = 7;
			files = (
				AF16C97323475DE900774F61 /* xas99.py in Copy xdt99 Python Files */,
				AF16C97423475DE900774F61 /* xbas99.py in Copy xdt99 Python Files */,
				AF16C97523475DE900774F61 /* xga99.py in Copy xdt99 Python Files */,
			);
			name = "Copy xdt99 Python Files";
			runOnlyForDeploymentPostprocessing = 0;
		};
/* End PBXCopyFilesBuildPhase section */

/* Begin PBXFileReference section */
		AF06979122BE3081001E1749 /* NSSetPythonAdditions.h */ = {isa = PBXFileReference; lastKnownFileType = sourcecode.c.h; path = NSSetPythonAdditions.h; sourceTree = "<group>"; };
		AF06979222BE3081001E1749 /* NSSetPythonAdditions.m */ = {isa = PBXFileReference; lastKnownFileType = sourcecode.c.objc; path = NSSetPythonAdditions.m; sourceTree = "<group>"; };
		AF08A73F22BD11B800770FC3 /* de */ = {isa = PBXFileReference; lastKnownFileType = text.plist.strings; name = de; path = de.lproj/InfoPlist.strings; sourceTree = "<group>"; };
		AF08A74222BD11B800770FC3 /* de */ = {isa = PBXFileReference; lastKnownFileType = text.plist.strings; name = de; path = de.lproj/Localizable.strings; sourceTree = "<group>"; };
		AF125EBA1E0414A000F659AA /* XDGPL.h */ = {isa = PBXFileReference; lastKnownFileType = sourcecode.c.h; path = XDGPL.h; sourceTree = "<group>"; };
		AF157DFC1FBF06B300679D82 /* NSStringPythonAdditions.h */ = {isa = PBXFileReference; fileEncoding = 4; lastKnownFileType = sourcecode.c.h; path = NSStringPythonAdditions.h; sourceTree = "<group>"; };
		AF157DFD1FBF06B300679D82 /* NSStringPythonAdditions.m */ = {isa = PBXFileReference; fileEncoding = 4; lastKnownFileType = sourcecode.c.objc; path = NSStringPythonAdditions.m; sourceTree = "<group>"; };
		AF157E001FBF4D4000679D82 /* XDTException.h */ = {isa = PBXFileReference; fileEncoding = 4; lastKnownFileType = sourcecode.c.h; path = XDTException.h; sourceTree = "<group>"; };
		AF157E011FBF4D4000679D82 /* XDTException.m */ = {isa = PBXFileReference; fileEncoding = 4; lastKnownFileType = sourcecode.c.objc; path = XDTException.m; sourceTree = "<group>"; };
		AF16C97923475DE900774F61 /* XDTools99Plus.framework */ = {isa = PBXFileReference; explicitFileType = wrapper.framework; includeInIndex = 0; path = XDTools99Plus.framework; sourceTree = BUILT_PRODUCTS_DIR; };
		AF16C97A23475DEA00774F61 /* XDTools99 Plus-Info.plist */ = {isa = PBXFileReference; lastKnownFileType = text.plist.xml; name = "XDTools99 Plus-Info.plist"; path = "/Volumes/henrik/workspace/Applications/xdt99-wrapper/XDTools99/XDTools99 Plus-Info.plist"; sourceTree = "<absolute>"; };
		AF2D96A91DFABAA0006EE618 /* XDAssembler.h */ = {isa = PBXFileReference; lastKnownFileType = sourcecode.c.h; path = XDAssembler.h; sourceTree = "<group>"; };
		AF2D96AB1DFABF39006EE618 /* XDTAs99Symbols.h */ = {isa = PBXFileReference; fileEncoding = 4; lastKnownFileType = sourcecode.c.h; name = XDTAs99Symbols.h; path = XDAssembler/XDTAs99Symbols.h; sourceTree = "<group>"; };
		AF2D96AC1DFABF39006EE618 /* XDTAs99Symbols.m */ = {isa = PBXFileReference; fileEncoding = 4; lastKnownFileType = sourcecode.c.objc; name = XDTAs99Symbols.m; path = XDAssembler/XDTAs99Symbols.m; sourceTree = "<group>"; };
		AF2D96AD1DFABF39006EE618 /* XDTAs99Objcode.m */ = {isa = PBXFileReference; fileEncoding = 4; lastKnownFileType = sourcecode.c.objc; name = XDTAs99Objcode.m; path = XDAssembler/XDTAs99Objcode.m; sourceTree = "<group>"; };
		AF2D96AE1DFABF39006EE618 /* XDTAssembler.m */ = {isa = PBXFileReference; fileEncoding = 4; lastKnownFileType = sourcecode.c.objc; name = XDTAssembler.m; path = XDAssembler/XDTAssembler.m; sourceTree = "<group>"; };
		AF2D96AF1DFABF39006EE618 /* XDTAs99Objcode.h */ = {isa = PBXFileReference; fileEncoding = 4; lastKnownFileType = sourcecode.c.h; name = XDTAs99Objcode.h; path = XDAssembler/XDTAs99Objcode.h; sourceTree = "<group>"; };
		AF2D96B01DFABF39006EE618 /* XDTAssembler.h */ = {isa = PBXFileReference; fileEncoding = 4; lastKnownFileType = sourcecode.c.h; name = XDTAssembler.h; path = XDAssembler/XDTAssembler.h; sourceTree = "<group>"; };
		AF2D96B11DFABF39006EE618 /* XDTObject.m */ = {isa = PBXFileReference; fileEncoding = 4; lastKnownFileType = sourcecode.c.objc; path = XDTObject.m; sourceTree = "<group>"; };
		AF2D96B21DFABF39006EE618 /* XDTObject.h */ = {isa = PBXFileReference; fileEncoding = 4; lastKnownFileType = sourcecode.c.h; path = XDTObject.h; sourceTree = "<group>"; };
		AF2D96C71DFAFF29006EE618 /* NSDataPythonAdditions.h */ = {isa = PBXFileReference; fileEncoding = 4; lastKnownFileType = sourcecode.c.h; path = NSDataPythonAdditions.h; sourceTree = "<group>"; };
		AF2D96C81DFAFF29006EE618 /* NSDataPythonAdditions.m */ = {isa = PBXFileReference; fileEncoding = 4; lastKnownFileType = sourcecode.c.objc; path = NSDataPythonAdditions.m; sourceTree = "<group>"; };
		AF5CF8A21DFF246400C08E36 /* XDTBasic.h */ = {isa = PBXFileReference; fileEncoding = 4; lastKnownFileType = sourcecode.c.h; name = XDTBasic.h; path = XDBasic/XDTBasic.h; sourceTree = "<group>"; };
		AF5CF8A31DFF246400C08E36 /* XDTBasic.m */ = {isa = PBXFileReference; fileEncoding = 4; lastKnownFileType = sourcecode.c.objc; name = XDTBasic.m; path = XDBasic/XDTBasic.m; sourceTree = "<group>"; };
		AF5CF8A61DFF266B00C08E36 /* XDBasic.h */ = {isa = PBXFileReference; lastKnownFileType = sourcecode.c.h; path = XDBasic.h; sourceTree = "<group>"; };
		AF63832B22CB56D000150E5D /* XDTGa99Parser.m */ = {isa = PBXFileReference; fileEncoding = 4; lastKnownFileType = sourcecode.c.objc; name = XDTGa99Parser.m; path = XDGPL/XDTGa99Parser.m; sourceTree = "<group>"; };
		AF63832C22CB56D000150E5D /* XDTGa99Parser.h */ = {isa = PBXFileReference; fileEncoding = 4; lastKnownFileType = sourcecode.c.h; name = XDTGa99Parser.h; path = XDGPL/XDTGa99Parser.h; sourceTree = "<group>"; };
		AF9C22051E06D88A00BB02FC /* XDTGPLAssembler.h */ = {isa = PBXFileReference; fileEncoding = 4; lastKnownFileType = sourcecode.c.h; name = XDTGPLAssembler.h; path = XDGPL/XDTGPLAssembler.h; sourceTree = "<group>"; };
		AF9C22061E06D88A00BB02FC /* XDTGPLAssembler.m */ = {isa = PBXFileReference; fileEncoding = 4; lastKnownFileType = sourcecode.c.objc; name = XDTGPLAssembler.m; path = XDGPL/XDTGPLAssembler.m; sourceTree = "<group>"; };
		AF9C22091E06FD4E00BB02FC /* XDTGa99Objcode.h */ = {isa = PBXFileReference; fileEncoding = 4; lastKnownFileType = sourcecode.c.h; name = XDTGa99Objcode.h; path = XDGPL/XDTGa99Objcode.h; sourceTree = "<group>"; };
		AF9C220A1E06FD4E00BB02FC /* XDTGa99Objcode.m */ = {isa = PBXFileReference; fileEncoding = 4; lastKnownFileType = sourcecode.c.objc; name = XDTGa99Objcode.m; path = XDGPL/XDTGa99Objcode.m; sourceTree = "<group>"; };
		AFADBC3F1DF9DD8B000AD2F2 /* xas99.py */ = {isa = PBXFileReference; fileEncoding = 4; lastKnownFileType = text.script.python; name = xas99.py; path = ../xdt99/xas99.py; sourceTree = "<group>"; };
		AFADBC411DF9DD8B000AD2F2 /* xbas99.py */ = {isa = PBXFileReference; fileEncoding = 4; lastKnownFileType = text.script.python; name = xbas99.py; path = ../xdt99/xbas99.py; sourceTree = "<group>"; };
		AFADBC421DF9DD8B000AD2F2 /* xga99.py */ = {isa = PBXFileReference; fileEncoding = 4; lastKnownFileType = text.script.python; name = xga99.py; path = ../xdt99/xga99.py; sourceTree = "<group>"; };
		AFBCB61D1E07FE1F004EC53D /* COPYING */ = {isa = PBXFileReference; fileEncoding = 4; lastKnownFileType = text; name = COPYING; path = ../xdt99/COPYING; sourceTree = "<group>"; };
		AFBCB61E1E07FE1F004EC53D /* README.md */ = {isa = PBXFileReference; fileEncoding = 4; lastKnownFileType = net.daringfireball.markdown; name = README.md; path = ../xdt99/README.md; sourceTree = "<group>"; };
		AFBDC41C22BA8B8C00DDD4C2 /* XDTMessage.h */ = {isa = PBXFileReference; lastKnownFileType = sourcecode.c.h; path = XDTMessage.h; sourceTree = "<group>"; };
		AFBDC41D22BA8B8C00DDD4C2 /* XDTMessage.m */ = {isa = PBXFileReference; lastKnownFileType = sourcecode.c.objc; path = XDTMessage.m; sourceTree = "<group>"; };
		AFC6A7D222CA3BD900CDF34A /* XDTAs99Parser.h */ = {isa = PBXFileReference; fileEncoding = 4; lastKnownFileType = sourcecode.c.h; name = XDTAs99Parser.h; path = XDAssembler/XDTAs99Parser.h; sourceTree = "<group>"; };
		AFC6A7D322CA3BD900CDF34A /* XDTAs99Parser.m */ = {isa = PBXFileReference; fileEncoding = 4; lastKnownFileType = sourcecode.c.objc; name = XDTAs99Parser.m; path = XDAssembler/XDTAs99Parser.m; sourceTree = "<group>"; };
		AFE630531DF9BB67005FFD01 /* XDTools99.framework */ = {isa = PBXFileReference; explicitFileType = wrapper.framework; includeInIndex = 0; path = XDTools99.framework; sourceTree = BUILT_PRODUCTS_DIR; };
		AFE630561DF9BB67005FFD01 /* XDTools99.h */ = {isa = PBXFileReference; lastKnownFileType = sourcecode.c.h; path = XDTools99.h; sourceTree = "<group>"; };
		AFE630571DF9BB67005FFD01 /* Info.plist */ = {isa = PBXFileReference; lastKnownFileType = text.plist.xml; path = Info.plist; sourceTree = "<group>"; };
		AFE6305F1DF9BB9E005FFD01 /* NSArrayPythonAdditions.h */ = {isa = PBXFileReference; fileEncoding = 4; lastKnownFileType = sourcecode.c.h; path = NSArrayPythonAdditions.h; sourceTree = "<group>"; };
		AFE630601DF9BB9E005FFD01 /* NSArrayPythonAdditions.m */ = {isa = PBXFileReference; fileEncoding = 4; lastKnownFileType = sourcecode.c.objc; path = NSArrayPythonAdditions.m; sourceTree = "<group>"; };
		AFE630611DF9BB9E005FFD01 /* NSErrorPythonAdditions.h */ = {isa = PBXFileReference; fileEncoding = 4; lastKnownFileType = sourcecode.c.h; path = NSErrorPythonAdditions.h; sourceTree = "<group>"; };
		AFE630621DF9BB9E005FFD01 /* NSErrorPythonAdditions.m */ = {isa = PBXFileReference; fileEncoding = 4; lastKnownFileType = sourcecode.c.objc; path = NSErrorPythonAdditions.m; sourceTree = "<group>"; };
		AFE630671DF9BB9E005FFD01 /* XDTZipFile.m */ = {isa = PBXFileReference; fileEncoding = 4; lastKnownFileType = sourcecode.c.objc; path = XDTZipFile.m; sourceTree = "<group>"; };
		AFE6306B1DF9BB9E005FFD01 /* XDTZipFile.h */ = {isa = PBXFileReference; fileEncoding = 4; lastKnownFileType = sourcecode.c.h; path = XDTZipFile.h; sourceTree = "<group>"; };
		AFE630861DF9BD66005FFD01 /* Python.framework */ = {isa = PBXFileReference; lastKnownFileType = wrapper.framework; name = Python.framework; path = System/Library/Frameworks/Python.framework; sourceTree = SDKROOT; };
/* End PBXFileReference section */

/* Begin PBXFrameworksBuildPhase section */
		AF16C95923475DE900774F61 /* Frameworks */ = {
			isa = PBXFrameworksBuildPhase;
			buildActionMask = 2147483647;
			files = (
				AF16C95A23475DE900774F61 /* Python.framework in Frameworks */,
			);
			runOnlyForDeploymentPostprocessing = 0;
		};
		AFE6304F1DF9BB67005FFD01 /* Frameworks */ = {
			isa = PBXFrameworksBuildPhase;
			buildActionMask = 2147483647;
			files = (
				AFE6308A1DF9C084005FFD01 /* Python.framework in Frameworks */,
			);
			runOnlyForDeploymentPostprocessing = 0;
		};
/* End PBXFrameworksBuildPhase section */

/* Begin PBXGroup section */
		AF2D96A81DFAB8DE006EE618 /* XDAssembler */ = {
			isa = PBXGroup;
			children = (
				AF2D96AB1DFABF39006EE618 /* XDTAs99Symbols.h */,
				AF2D96AC1DFABF39006EE618 /* XDTAs99Symbols.m */,
				AF2D96AF1DFABF39006EE618 /* XDTAs99Objcode.h */,
				AF2D96AD1DFABF39006EE618 /* XDTAs99Objcode.m */,
				AFC6A7D222CA3BD900CDF34A /* XDTAs99Parser.h */,
				AFC6A7D322CA3BD900CDF34A /* XDTAs99Parser.m */,
				AF2D96B01DFABF39006EE618 /* XDTAssembler.h */,
				AF2D96AE1DFABF39006EE618 /* XDTAssembler.m */,
			);
			name = XDAssembler;
			sourceTree = "<group>";
		};
		AF5CF8A11DFF23FB00C08E36 /* XDBasic */ = {
			isa = PBXGroup;
			children = (
				AF5CF8A21DFF246400C08E36 /* XDTBasic.h */,
				AF5CF8A31DFF246400C08E36 /* XDTBasic.m */,
			);
			name = XDBasic;
			sourceTree = "<group>";
		};
		AF9C22041E06D80E00BB02FC /* XDGPL */ = {
			isa = PBXGroup;
			children = (
				AF9C22091E06FD4E00BB02FC /* XDTGa99Objcode.h */,
				AF9C220A1E06FD4E00BB02FC /* XDTGa99Objcode.m */,
				AF63832C22CB56D000150E5D /* XDTGa99Parser.h */,
				AF63832B22CB56D000150E5D /* XDTGa99Parser.m */,
				AF9C22051E06D88A00BB02FC /* XDTGPLAssembler.h */,
				AF9C22061E06D88A00BB02FC /* XDTGPLAssembler.m */,
			);
			name = XDGPL;
			sourceTree = "<group>";
		};
		AFADBC3E1DF9DD69000AD2F2 /* Resources */ = {
			isa = PBXGroup;
			children = (
				AFBCB61D1E07FE1F004EC53D /* COPYING */,
				AFBCB61E1E07FE1F004EC53D /* README.md */,
				AFADBC3F1DF9DD8B000AD2F2 /* xas99.py */,
				AFADBC411DF9DD8B000AD2F2 /* xbas99.py */,
				AFADBC421DF9DD8B000AD2F2 /* xga99.py */,
			);
			name = Resources;
			sourceTree = "<group>";
		};
		AFE630491DF9BB67005FFD01 = {
			isa = PBXGroup;
			children = (
				AFE630551DF9BB67005FFD01 /* XDTools99 */,
				AFADBC3E1DF9DD69000AD2F2 /* Resources */,
				AFE630541DF9BB67005FFD01 /* Products */,
				AFE630851DF9BD66005FFD01 /* Frameworks */,
			);
			sourceTree = "<group>";
		};
		AFE630541DF9BB67005FFD01 /* Products */ = {
			isa = PBXGroup;
			children = (
				AFE630531DF9BB67005FFD01 /* XDTools99.framework */,
				AF16C97923475DE900774F61 /* XDTools99Plus.framework */,
			);
			name = Products;
			sourceTree = "<group>";
		};
		AFE630551DF9BB67005FFD01 /* XDTools99 */ = {
			isa = PBXGroup;
			children = (
				AFE630561DF9BB67005FFD01 /* XDTools99.h */,
				AF125EBA1E0414A000F659AA /* XDGPL.h */,
				AF9C22041E06D80E00BB02FC /* XDGPL */,
				AF2D96A91DFABAA0006EE618 /* XDAssembler.h */,
				AF2D96A81DFAB8DE006EE618 /* XDAssembler */,
				AF5CF8A61DFF266B00C08E36 /* XDBasic.h */,
				AF5CF8A11DFF23FB00C08E36 /* XDBasic */,
				AF2D96B21DFABF39006EE618 /* XDTObject.h */,
				AF2D96B11DFABF39006EE618 /* XDTObject.m */,
				AFE6305E1DF9BB9E005FFD01 /* Categories */,
				AFE6306B1DF9BB9E005FFD01 /* XDTZipFile.h */,
				AFE630671DF9BB9E005FFD01 /* XDTZipFile.m */,
				AFE630571DF9BB67005FFD01 /* Info.plist */,
				AF16C97A23475DEA00774F61 /* XDTools99 Plus-Info.plist */,
				AF08A74122BD11B800770FC3 /* Localizable.strings */,
				AF08A73E22BD11B800770FC3 /* InfoPlist.strings */,
				AF157E001FBF4D4000679D82 /* XDTException.h */,
				AF157E011FBF4D4000679D82 /* XDTException.m */,
				AFBDC41C22BA8B8C00DDD4C2 /* XDTMessage.h */,
				AFBDC41D22BA8B8C00DDD4C2 /* XDTMessage.m */,
			);
			path = XDTools99;
			sourceTree = "<group>";
		};
		AFE6305E1DF9BB9E005FFD01 /* Categories */ = {
			isa = PBXGroup;
			children = (
				AF2D96C71DFAFF29006EE618 /* NSDataPythonAdditions.h */,
				AF2D96C81DFAFF29006EE618 /* NSDataPythonAdditions.m */,
				AFE6305F1DF9BB9E005FFD01 /* NSArrayPythonAdditions.h */,
				AFE630601DF9BB9E005FFD01 /* NSArrayPythonAdditions.m */,
				AF06979122BE3081001E1749 /* NSSetPythonAdditions.h */,
				AF06979222BE3081001E1749 /* NSSetPythonAdditions.m */,
				AFE630611DF9BB9E005FFD01 /* NSErrorPythonAdditions.h */,
				AFE630621DF9BB9E005FFD01 /* NSErrorPythonAdditions.m */,
				AF157DFC1FBF06B300679D82 /* NSStringPythonAdditions.h */,
				AF157DFD1FBF06B300679D82 /* NSStringPythonAdditions.m */,
			);
			path = Categories;
			sourceTree = "<group>";
		};
		AFE630851DF9BD66005FFD01 /* Frameworks */ = {
			isa = PBXGroup;
			children = (
				AFE630861DF9BD66005FFD01 /* Python.framework */,
			);
			name = Frameworks;
			sourceTree = "<group>";
		};
/* End PBXGroup section */

/* Begin PBXHeadersBuildPhase section */
		AF16C95B23475DE900774F61 /* Headers */ = {
			isa = PBXHeadersBuildPhase;
			buildActionMask = 2147483647;
			files = (
				AF16C95C23475DE900774F61 /* XDTools99.h in Headers */,
				AF16C95D23475DE900774F61 /* XDGPL.h in Headers */,
				AF16C95E23475DE900774F61 /* XDTGa99Objcode.h in Headers */,
				AF16C95F23475DE900774F61 /* XDTGPLAssembler.h in Headers */,
				AF16C96023475DE900774F61 /* XDAssembler.h in Headers */,
				AF16C96123475DE900774F61 /* XDTAs99Symbols.h in Headers */,
				AF16C96223475DE900774F61 /* XDTAs99Objcode.h in Headers */,
				AF16C96323475DE900774F61 /* XDTAssembler.h in Headers */,
				AF16C96423475DE900774F61 /* XDBasic.h in Headers */,
				AF16C96523475DE900774F61 /* XDTBasic.h in Headers */,
				AF16C96623475DE900774F61 /* XDTObject.h in Headers */,
				AF16C96723475DE900774F61 /* XDTZipFile.h in Headers */,
				AF16C96823475DE900774F61 /* XDTException.h in Headers */,
				AF16C96923475DE900774F61 /* XDTMessage.h in Headers */,
				AF16C96A23475DE900774F61 /* NSDataPythonAdditions.h in Headers */,
				AF16C96B23475DE900774F61 /* NSArrayPythonAdditions.h in Headers */,
				AF16C96C23475DE900774F61 /* NSSetPythonAdditions.h in Headers */,
				AF16C96D23475DE900774F61 /* NSErrorPythonAdditions.h in Headers */,
				AF16C96E23475DE900774F61 /* NSStringPythonAdditions.h in Headers */,
			);
			runOnlyForDeploymentPostprocessing = 0;
		};
		AFE630501DF9BB67005FFD01 /* Headers */ = {
			isa = PBXHeadersBuildPhase;
			buildActionMask = 2147483647;
			files = (
				AFE630581DF9BB67005FFD01 /* XDTools99.h in Headers */,
				AF125EBB1E0414A600F659AA /* XDGPL.h in Headers */,
				AF63832E22CB56D000150E5D /* XDTGa99Parser.h in Headers */,
				AF9C220B1E06FD4E00BB02FC /* XDTGa99Objcode.h in Headers */,
				AF9C22071E06D88A00BB02FC /* XDTGPLAssembler.h in Headers */,
				AF2D96AA1DFABAAD006EE618 /* XDAssembler.h in Headers */,
				AF2D96B31DFABF39006EE618 /* XDTAs99Symbols.h in Headers */,
				AFC6A7D422CA3BD900CDF34A /* XDTAs99Parser.h in Headers */,
				AF2D96B71DFABF39006EE618 /* XDTAs99Objcode.h in Headers */,
				AF2D96B81DFABF39006EE618 /* XDTAssembler.h in Headers */,
				AF5CF8A71DFF268800C08E36 /* XDBasic.h in Headers */,
				AF5CF8A41DFF246400C08E36 /* XDTBasic.h in Headers */,
				AF2D96BA1DFABF39006EE618 /* XDTObject.h in Headers */,
				AFE630791DF9BB9E005FFD01 /* XDTZipFile.h in Headers */,
				AF157E021FBF4D4000679D82 /* XDTException.h in Headers */,
				AFBDC41E22BA8B8C00DDD4C2 /* XDTMessage.h in Headers */,
				AF2D96C91DFAFF29006EE618 /* NSDataPythonAdditions.h in Headers */,
				AFE6306D1DF9BB9E005FFD01 /* NSArrayPythonAdditions.h in Headers */,
				AF06979322BE3081001E1749 /* NSSetPythonAdditions.h in Headers */,
				AFE6306F1DF9BB9E005FFD01 /* NSErrorPythonAdditions.h in Headers */,
				AF157DFE1FBF06B300679D82 /* NSStringPythonAdditions.h in Headers */,
			);
			runOnlyForDeploymentPostprocessing = 0;
		};
/* End PBXHeadersBuildPhase section */

/* Begin PBXNativeTarget section */
		AF16C94823475DE900774F61 /* XDTools99Plus */ = {
			isa = PBXNativeTarget;
			buildConfigurationList = AF16C97623475DE900774F61 /* Build configuration list for PBXNativeTarget "XDTools99Plus" */;
			buildPhases = (
				AF16C94923475DE900774F61 /* Sources */,
				AF16C95923475DE900774F61 /* Frameworks */,
				AF16C95B23475DE900774F61 /* Headers */,
				AF16C96F23475DE900774F61 /* Resources */,
				AF16C97223475DE900774F61 /* Copy xdt99 Python Files */,
			);
			buildRules = (
			);
			dependencies = (
			);
			name = XDTools99Plus;
			productName = XDTools99;
			productReference = AF16C97923475DE900774F61 /* XDTools99Plus.framework */;
			productType = "com.apple.product-type.framework";
		};
		AFE630521DF9BB67005FFD01 /* XDTools99 */ = {
			isa = PBXNativeTarget;
			buildConfigurationList = AFE6305B1DF9BB67005FFD01 /* Build configuration list for PBXNativeTarget "XDTools99" */;
			buildPhases = (
				AFE6304E1DF9BB67005FFD01 /* Sources */,
				AFE6304F1DF9BB67005FFD01 /* Frameworks */,
				AFE630501DF9BB67005FFD01 /* Headers */,
				AFE630511DF9BB67005FFD01 /* Resources */,
			);
			buildRules = (
			);
			dependencies = (
			);
			name = XDTools99;
			productName = XDTools99;
			productReference = AFE630531DF9BB67005FFD01 /* XDTools99.framework */;
			productType = "com.apple.product-type.framework";
		};
/* End PBXNativeTarget section */

/* Begin PBXProject section */
		AFE6304A1DF9BB67005FFD01 /* Project object */ = {
			isa = PBXProject;
			attributes = {
				CLASSPREFIX = XDT;
				LastUpgradeCheck = 1200;
				ORGANIZATIONNAME = hackmac;
				TargetAttributes = {
					AFE630521DF9BB67005FFD01 = {
						CreatedOnToolsVersion = 8.1;
						DevelopmentTeam = 82LG3342G3;
						ProvisioningStyle = Automatic;
					};
				};
			};
			buildConfigurationList = AFE6304D1DF9BB67005FFD01 /* Build configuration list for PBXProject "XDTools99" */;
			compatibilityVersion = "Xcode 10.0";
			developmentRegion = en;
			hasScannedForEncodings = 0;
			knownRegions = (
				en,
				Base,
				de,
			);
			mainGroup = AFE630491DF9BB67005FFD01;
			productRefGroup = AFE630541DF9BB67005FFD01 /* Products */;
			projectDirPath = "";
			projectRoot = "";
			targets = (
				AFE630521DF9BB67005FFD01 /* XDTools99 */,
				AF16C94823475DE900774F61 /* XDTools99Plus */,
			);
		};
/* End PBXProject section */

/* Begin PBXResourcesBuildPhase section */
		AF16C96F23475DE900774F61 /* Resources */ = {
			isa = PBXResourcesBuildPhase;
			buildActionMask = 2147483647;
			files = (
				AF16C97023475DE900774F61 /* InfoPlist.strings in Resources */,
				AF16C97123475DE900774F61 /* Localizable.strings in Resources */,
			);
			runOnlyForDeploymentPostprocessing = 0;
		};
		AFE630511DF9BB67005FFD01 /* Resources */ = {
			isa = PBXResourcesBuildPhase;
			buildActionMask = 2147483647;
			files = (
				AF08A74022BD11B800770FC3 /* InfoPlist.strings in Resources */,
				AF08A74322BD11B800770FC3 /* Localizable.strings in Resources */,
			);
			runOnlyForDeploymentPostprocessing = 0;
		};
/* End PBXResourcesBuildPhase section */

/* Begin PBXSourcesBuildPhase section */
		AF16C94923475DE900774F61 /* Sources */ = {
			isa = PBXSourcesBuildPhase;
			buildActionMask = 2147483647;
			files = (
				AF16C94A23475DE900774F61 /* XDTMessage.m in Sources */,
				AF16C94B23475DE900774F61 /* XDTException.m in Sources */,
				AF16C94C23475DE900774F61 /* XDTObject.m in Sources */,
				AF16C94D23475DE900774F61 /* XDTGPLAssembler.m in Sources */,
				AF16C94E23475DE900774F61 /* NSSetPythonAdditions.m in Sources */,
				AF16C94F23475DE900774F61 /* XDTGa99Objcode.m in Sources */,
				AF16C95023475DE900774F61 /* XDTAs99Symbols.m in Sources */,
				AF16C95123475DE900774F61 /* NSArrayPythonAdditions.m in Sources */,
				AF16C95223475DE900774F61 /* NSStringPythonAdditions.m in Sources */,
				AF16C95323475DE900774F61 /* XDTAs99Objcode.m in Sources */,
				AF16C95423475DE900774F61 /* XDTBasic.m in Sources */,
				AF16C95523475DE900774F61 /* XDTAssembler.m in Sources */,
				AF16C95623475DE900774F61 /* NSErrorPythonAdditions.m in Sources */,
				AF16C95723475DE900774F61 /* NSDataPythonAdditions.m in Sources */,
				AF16C95823475DE900774F61 /* XDTZipFile.m in Sources */,
			);
			runOnlyForDeploymentPostprocessing = 0;
		};
		AFE6304E1DF9BB67005FFD01 /* Sources */ = {
			isa = PBXSourcesBuildPhase;
			buildActionMask = 2147483647;
			files = (
				AFBDC41F22BA8B8C00DDD4C2 /* XDTMessage.m in Sources */,
				AF157E031FBF4D4000679D82 /* XDTException.m in Sources */,
				AF2D96B91DFABF39006EE618 /* XDTObject.m in Sources */,
				AF9C22081E06D88A00BB02FC /* XDTGPLAssembler.m in Sources */,
				AF06979422BE3081001E1749 /* NSSetPythonAdditions.m in Sources */,
				AF63832D22CB56D000150E5D /* XDTGa99Parser.m in Sources */,
				AF9C220C1E06FD4E00BB02FC /* XDTGa99Objcode.m in Sources */,
				AF2D96B41DFABF39006EE618 /* XDTAs99Symbols.m in Sources */,
				AFE6306E1DF9BB9E005FFD01 /* NSArrayPythonAdditions.m in Sources */,
				AF157DFF1FBF06B300679D82 /* NSStringPythonAdditions.m in Sources */,
				AF2D96B51DFABF39006EE618 /* XDTAs99Objcode.m in Sources */,
				AFC6A7D522CA3BD900CDF34A /* XDTAs99Parser.m in Sources */,
				AF5CF8A51DFF246400C08E36 /* XDTBasic.m in Sources */,
				AF2D96B61DFABF39006EE618 /* XDTAssembler.m in Sources */,
				AFE630701DF9BB9E005FFD01 /* NSErrorPythonAdditions.m in Sources */,
				AF2D96CA1DFAFF29006EE618 /* NSDataPythonAdditions.m in Sources */,
				AFE630751DF9BB9E005FFD01 /* XDTZipFile.m in Sources */,
			);
			runOnlyForDeploymentPostprocessing = 0;
		};
/* End PBXSourcesBuildPhase section */

/* Begin PBXVariantGroup section */
		AF08A73E22BD11B800770FC3 /* InfoPlist.strings */ = {
			isa = PBXVariantGroup;
			children = (
				AF08A73F22BD11B800770FC3 /* de */,
			);
			name = InfoPlist.strings;
			sourceTree = "<group>";
		};
		AF08A74122BD11B800770FC3 /* Localizable.strings */ = {
			isa = PBXVariantGroup;
			children = (
				AF08A74222BD11B800770FC3 /* de */,
			);
			name = Localizable.strings;
			sourceTree = "<group>";
		};
/* End PBXVariantGroup section */

/* Begin XCBuildConfiguration section */
		AF16C97723475DE900774F61 /* Debug */ = {
			isa = XCBuildConfiguration;
			buildSettings = {
				COMBINE_HIDPI_IMAGES = YES;
				DYLIB_COMPATIBILITY_VERSION = 1;
				DYLIB_CURRENT_VERSION = 1;
				DYLIB_INSTALL_NAME_BASE = "@rpath";
				FRAMEWORK_VERSION = A;
				INFOPLIST_FILE = "XDTools99 Plus-Info.plist";
				INSTALL_PATH = "@executable_path/../Frameworks";
				LD_RUNPATH_SEARCH_PATHS = (
					"$(inherited)",
					"@executable_path/../Frameworks",
					"@loader_path/Frameworks",
				);
				MACOSX_DEPLOYMENT_TARGET = 10.8;
				PRODUCT_BUNDLE_IDENTIFIER = de.hackmac.xdtools99;
				PRODUCT_NAME = "$(TARGET_NAME)";
				SKIP_INSTALL = YES;
			};
			name = Debug;
		};
		AF16C97823475DE900774F61 /* Release */ = {
			isa = XCBuildConfiguration;
			buildSettings = {
				COMBINE_HIDPI_IMAGES = YES;
				DYLIB_COMPATIBILITY_VERSION = 1;
				DYLIB_CURRENT_VERSION = 1;
				DYLIB_INSTALL_NAME_BASE = "@rpath";
				FRAMEWORK_VERSION = A;
				INFOPLIST_FILE = "XDTools99 Plus-Info.plist";
				INSTALL_PATH = "@executable_path/../Frameworks";
				LD_RUNPATH_SEARCH_PATHS = (
					"$(inherited)",
					"@executable_path/../Frameworks",
					"@loader_path/Frameworks",
				);
				MACOSX_DEPLOYMENT_TARGET = 10.8;
				PRODUCT_BUNDLE_IDENTIFIER = de.hackmac.xdtools99;
				PRODUCT_NAME = "$(TARGET_NAME)";
				SKIP_INSTALL = YES;
			};
			name = Release;
		};
		AFE630591DF9BB67005FFD01 /* Debug */ = {
			isa = XCBuildConfiguration;
			buildSettings = {
				ALWAYS_SEARCH_USER_PATHS = NO;
				CLANG_ANALYZER_LOCALIZABILITY_NONLOCALIZED = YES;
				CLANG_ANALYZER_NONNULL = YES;
				CLANG_ENABLE_MODULES = YES;
				CLANG_ENABLE_OBJC_ARC = YES;
				CLANG_WARN_BLOCK_CAPTURE_AUTORELEASING = YES;
				CLANG_WARN_BOOL_CONVERSION = YES;
				CLANG_WARN_COMMA = YES;
				CLANG_WARN_CONSTANT_CONVERSION = YES;
				CLANG_WARN_DEPRECATED_OBJC_IMPLEMENTATIONS = YES;
				CLANG_WARN_DIRECT_OBJC_ISA_USAGE = YES_ERROR;
				CLANG_WARN_DOCUMENTATION_COMMENTS = YES;
				CLANG_WARN_EMPTY_BODY = YES;
				CLANG_WARN_ENUM_CONVERSION = YES;
				CLANG_WARN_INFINITE_RECURSION = YES;
				CLANG_WARN_INT_CONVERSION = YES;
				CLANG_WARN_NON_LITERAL_NULL_CONVERSION = YES;
				CLANG_WARN_OBJC_IMPLICIT_RETAIN_SELF = YES;
				CLANG_WARN_OBJC_LITERAL_CONVERSION = YES;
				CLANG_WARN_OBJC_ROOT_CLASS = YES_ERROR;
				CLANG_WARN_QUOTED_INCLUDE_IN_FRAMEWORK_HEADER = YES;
				CLANG_WARN_RANGE_LOOP_ANALYSIS = YES;
				CLANG_WARN_STRICT_PROTOTYPES = YES;
				CLANG_WARN_SUSPICIOUS_MOVE = YES;
				CLANG_WARN_SUSPICIOUS_MOVES = YES;
				CLANG_WARN_UNREACHABLE_CODE = YES;
				CLANG_WARN__DUPLICATE_METHOD_MATCH = YES;
				CODE_SIGN_IDENTITY = "-";
				COPY_PHASE_STRIP = NO;
				CURRENT_PROJECT_VERSION = 1;
				DEBUG_INFORMATION_FORMAT = dwarf;
				ENABLE_STRICT_OBJC_MSGSEND = YES;
				ENABLE_TESTABILITY = YES;
				GCC_DYNAMIC_NO_PIC = NO;
				GCC_NO_COMMON_BLOCKS = YES;
				GCC_OPTIMIZATION_LEVEL = 0;
				GCC_PREPROCESSOR_DEFINITIONS = (
					"DEBUG=1",
					"$(inherited)",
				);
				GCC_WARN_64_TO_32_BIT_CONVERSION = YES;
				GCC_WARN_ABOUT_RETURN_TYPE = YES_ERROR;
				GCC_WARN_UNDECLARED_SELECTOR = YES;
				GCC_WARN_UNINITIALIZED_AUTOS = YES_AGGRESSIVE;
				GCC_WARN_UNUSED_FUNCTION = YES;
				GCC_WARN_UNUSED_VARIABLE = YES;
				MACOSX_DEPLOYMENT_TARGET = 10.8;
				MTL_ENABLE_DEBUG_INFO = YES;
				ONLY_ACTIVE_ARCH = YES;
				SDKROOT = macosx;
				VERSIONING_SYSTEM = "apple-generic";
				VERSION_INFO_PREFIX = "";
			};
			name = Debug;
		};
		AFE6305A1DF9BB67005FFD01 /* Release */ = {
			isa = XCBuildConfiguration;
			buildSettings = {
				ALWAYS_SEARCH_USER_PATHS = NO;
				CLANG_ANALYZER_LOCALIZABILITY_NONLOCALIZED = YES;
				CLANG_ANALYZER_NONNULL = YES;
				CLANG_ENABLE_MODULES = YES;
				CLANG_ENABLE_OBJC_ARC = YES;
				CLANG_WARN_BLOCK_CAPTURE_AUTORELEASING = YES;
				CLANG_WARN_BOOL_CONVERSION = YES;
				CLANG_WARN_COMMA = YES;
				CLANG_WARN_CONSTANT_CONVERSION = YES;
				CLANG_WARN_DEPRECATED_OBJC_IMPLEMENTATIONS = YES;
				CLANG_WARN_DIRECT_OBJC_ISA_USAGE = YES_ERROR;
				CLANG_WARN_DOCUMENTATION_COMMENTS = YES;
				CLANG_WARN_EMPTY_BODY = YES;
				CLANG_WARN_ENUM_CONVERSION = YES;
				CLANG_WARN_INFINITE_RECURSION = YES;
				CLANG_WARN_INT_CONVERSION = YES;
				CLANG_WARN_NON_LITERAL_NULL_CONVERSION = YES;
				CLANG_WARN_OBJC_IMPLICIT_RETAIN_SELF = YES;
				CLANG_WARN_OBJC_LITERAL_CONVERSION = YES;
				CLANG_WARN_OBJC_ROOT_CLASS = YES_ERROR;
				CLANG_WARN_QUOTED_INCLUDE_IN_FRAMEWORK_HEADER = YES;
				CLANG_WARN_RANGE_LOOP_ANALYSIS = YES;
				CLANG_WARN_STRICT_PROTOTYPES = YES;
				CLANG_WARN_SUSPICIOUS_MOVE = YES;
				CLANG_WARN_SUSPICIOUS_MOVES = YES;
				CLANG_WARN_UNREACHABLE_CODE = YES;
				CLANG_WARN__DUPLICATE_METHOD_MATCH = YES;
				CODE_SIGN_IDENTITY = "-";
				COPY_PHASE_STRIP = NO;
				CURRENT_PROJECT_VERSION = 1;
				DEBUG_INFORMATION_FORMAT = "dwarf-with-dsym";
				ENABLE_NS_ASSERTIONS = NO;
				ENABLE_STRICT_OBJC_MSGSEND = YES;
				GCC_NO_COMMON_BLOCKS = YES;
				GCC_WARN_64_TO_32_BIT_CONVERSION = YES;
				GCC_WARN_ABOUT_RETURN_TYPE = YES_ERROR;
				GCC_WARN_UNDECLARED_SELECTOR = YES;
				GCC_WARN_UNINITIALIZED_AUTOS = YES_AGGRESSIVE;
				GCC_WARN_UNUSED_FUNCTION = YES;
				GCC_WARN_UNUSED_VARIABLE = YES;
				MACOSX_DEPLOYMENT_TARGET = 10.8;
				MTL_ENABLE_DEBUG_INFO = NO;
				SDKROOT = macosx;
				VERSIONING_SYSTEM = "apple-generic";
				VERSION_INFO_PREFIX = "";
			};
			name = Release;
		};
		AFE6305C1DF9BB67005FFD01 /* Debug */ = {
			isa = XCBuildConfiguration;
			buildSettings = {
				COMBINE_HIDPI_IMAGES = YES;
				DEFINES_MODULE = YES;
				DYLIB_COMPATIBILITY_VERSION = 1;
				DYLIB_CURRENT_VERSION = 1;
				DYLIB_INSTALL_NAME_BASE = "@rpath";
				FRAMEWORK_VERSION = A;
				INFOPLIST_FILE = "$(SRCROOT)/XDTools99/Info.plist";
				INSTALL_PATH = "@executable_path/../Frameworks";
				LD_RUNPATH_SEARCH_PATHS = (
					"$(inherited)",
					"@executable_path/../Frameworks",
					"@loader_path/Frameworks",
				);
				MACOSX_DEPLOYMENT_TARGET = 10.8;
				PRODUCT_BUNDLE_IDENTIFIER = de.hackmac.xdtools99;
				PRODUCT_NAME = "$(TARGET_NAME)";
				SKIP_INSTALL = YES;
			};
			name = Debug;
		};
		AFE6305D1DF9BB67005FFD01 /* Release */ = {
			isa = XCBuildConfiguration;
			buildSettings = {
				COMBINE_HIDPI_IMAGES = YES;
				DEFINES_MODULE = YES;
				DYLIB_COMPATIBILITY_VERSION = 1;
				DYLIB_CURRENT_VERSION = 1;
				DYLIB_INSTALL_NAME_BASE = "@rpath";
				FRAMEWORK_VERSION = A;
				INFOPLIST_FILE = "$(SRCROOT)/XDTools99/Info.plist";
				INSTALL_PATH = "@executable_path/../Frameworks";
				LD_RUNPATH_SEARCH_PATHS = (
					"$(inherited)",
					"@executable_path/../Frameworks",
					"@loader_path/Frameworks",
				);
				MACOSX_DEPLOYMENT_TARGET = 10.8;
				PRODUCT_BUNDLE_IDENTIFIER = de.hackmac.xdtools99;
				PRODUCT_NAME = "$(TARGET_NAME)";
				SKIP_INSTALL = YES;
			};
			name = Release;
		};
/* End XCBuildConfiguration section */

/* Begin XCConfigurationList section */
		AF16C97623475DE900774F61 /* Build configuration list for PBXNativeTarget "XDTools99Plus" */ = {
			isa = XCConfigurationList;
			buildConfigurations = (
				AF16C97723475DE900774F61 /* Debug */,
				AF16C97823475DE900774F61 /* Release */,
			);
			defaultConfigurationIsVisible = 0;
			defaultConfigurationName = Release;
		};
		AFE6304D1DF9BB67005FFD01 /* Build configuration list for PBXProject "XDTools99" */ = {
			isa = XCConfigurationList;
			buildConfigurations = (
				AFE630591DF9BB67005FFD01 /* Debug */,
				AFE6305A1DF9BB67005FFD01 /* Release */,
			);
			defaultConfigurationIsVisible = 0;
			defaultConfigurationName = Release;
		};
		AFE6305B1DF9BB67005FFD01 /* Build configuration list for PBXNativeTarget "XDTools99" */ = {
			isa = XCConfigurationList;
			buildConfigurations = (
				AFE6305C1DF9BB67005FFD01 /* Debug */,
				AFE6305D1DF9BB67005FFD01 /* Release */,
			);
			defaultConfigurationIsVisible = 0;
			defaultConfigurationName = Release;
		};
/* End XCConfigurationList section */
	};
	rootObject = AFE6304A1DF9BB67005FFD01 /* Project object */;
}
